{
  "version": 4,
  "terraform_version": "0.12.7",
  "serial": 19,
  "lineage": "f2d942ca-c546-23ed-3892-b553f2ccf30b",
  "outputs": {},
  "resources": [
    {
      "mode": "managed",
      "type": "azurerm_resource_group",
      "name": "hub-vnet-rg",
      "provider": "provider.azurerm",
      "instances": [
        {
          "schema_version": 0,
          "attributes": {
            "id": "/subscriptions/a5690002-a0db-48a6-bd96-634ce65c45ee/resourceGroups/az-hub-vnet-rg-tr",
            "location": "southeastasia",
            "name": "az-hub-vnet-rg-tr",
            "tags": {}
          },
          "private": "bnVsbA=="
        }
      ]
    },
    {
      "mode": "managed",
      "type": "azurerm_virtual_network",
      "name": "hub-vnet",
      "provider": "provider.azurerm",
      "instances": [
        {
          "schema_version": 0,
          "attributes": {
            "address_space": [
              "20.0.0.0/16"
            ],
            "ddos_protection_plan": [],
            "dns_servers": null,
            "id": "/subscriptions/a5690002-a0db-48a6-bd96-634ce65c45ee/resourceGroups/az-hub-vnet-rg-tr/providers/Microsoft.Network/virtualNetworks/hub-vnet",
            "location": "southeastasia",
            "name": "hub-vnet",
            "resource_group_name": "az-hub-vnet-rg-tr",
            "subnet": [],
            "tags": {
              "environment": "hub-spoke"
            }
          },
          "private": "bnVsbA==",
          "depends_on": [
            "azurerm_resource_group.hub-vnet-rg"
          ]
        }
      ]
    }
  ]
}
