{
  "version": 4,
  "terraform_version": "0.12.7",
  "serial": 31,
  "lineage": "f2d942ca-c546-23ed-3892-b553f2ccf30b",
  "outputs": {},
  "resources": [
    {
      "mode": "managed",
      "type": "azurerm_resource_group",
      "name": "hub-vnet-rg",
      "provider": "provider.azurerm",
      "instances": [
        {
          "schema_version": 0,
          "attributes": {
            "id": "/subscriptions/a5690002-a0db-48a6-bd96-634ce65c45ee/resourceGroups/az-hub-vnet-rg-tr",
            "location": "southeastasia",
            "name": "az-hub-vnet-rg-tr",
            "tags": {}
          },
          "private": "bnVsbA=="
        }
      ]
    },
    {
      "mode": "managed",
      "type": "azurerm_subnet",
      "name": "myhubsubnet",
      "provider": "provider.azurerm",
      "instances": [
        {
          "schema_version": 0,
          "attributes": {
            "address_prefix": "10.0.0.0/24",
            "delegation": [],
            "id": "/subscriptions/a5690002-a0db-48a6-bd96-634ce65c45ee/resourceGroups/az-hub-vnet-rg-tr/providers/Microsoft.Network/virtualNetworks/hub-vnet-hol/subnets/myHubSubnet",
            "ip_configurations": [],
            "name": "myHubSubnet",
            "network_security_group_id": "",
            "resource_group_name": "az-hub-vnet-rg-tr",
            "route_table_id": "",
            "service_endpoints": [],
            "virtual_network_name": "hub-vnet-hol"
          },
          "private": "bnVsbA==",
          "depends_on": [
            "azurerm_resource_group.hub-vnet-rg",
            "azurerm_virtual_network.hub-vnet"
          ]
        }
      ]
    },
    {
      "mode": "managed",
      "type": "azurerm_subnet",
      "name": "myhubsubnet2",
      "provider": "provider.azurerm",
      "instances": [
        {
          "schema_version": 0,
          "attributes": {
            "address_prefix": "10.0.1.0/24",
            "delegation": [],
            "id": "/subscriptions/a5690002-a0db-48a6-bd96-634ce65c45ee/resourceGroups/az-hub-vnet-rg-tr/providers/Microsoft.Network/virtualNetworks/hub-vnet-hol/subnets/myHubSubnet2",
            "ip_configurations": [],
            "name": "myHubSubnet2",
            "network_security_group_id": "",
            "resource_group_name": "az-hub-vnet-rg-tr",
            "route_table_id": "",
            "service_endpoints": null,
            "virtual_network_name": "hub-vnet-hol"
          },
          "private": "bnVsbA==",
          "depends_on": [
            "azurerm_resource_group.hub-vnet-rg",
            "azurerm_virtual_network.hub-vnet"
          ]
        }
      ]
    },
    {
      "mode": "managed",
      "type": "azurerm_virtual_network",
      "name": "hub-vnet",
      "provider": "provider.azurerm",
      "instances": [
        {
          "schema_version": 0,
          "attributes": {
            "address_space": [
              "10.0.0.0/16"
            ],
            "ddos_protection_plan": [],
            "dns_servers": [],
            "id": "/subscriptions/a5690002-a0db-48a6-bd96-634ce65c45ee/resourceGroups/az-hub-vnet-rg-tr/providers/Microsoft.Network/virtualNetworks/hub-vnet-hol",
            "location": "southeastasia",
            "name": "hub-vnet-hol",
            "resource_group_name": "az-hub-vnet-rg-tr",
            "subnet": [
              {
                "address_prefix": "10.0.0.0/24",
                "id": "/subscriptions/a5690002-a0db-48a6-bd96-634ce65c45ee/resourceGroups/az-hub-vnet-rg-tr/providers/Microsoft.Network/virtualNetworks/hub-vnet-hol/subnets/myHubSubnet",
                "name": "myHubSubnet",
                "security_group": ""
              }
            ],
            "tags": {
              "environment": "hub-spoke-vpn"
            }
          },
          "private": "bnVsbA==",
          "depends_on": [
            "azurerm_resource_group.hub-vnet-rg"
          ]
        }
      ]
    }
  ]
}
